
Microsoft Visual Studio Solution File, Format Version 12.00
# Visual Studio Version 16
VisualStudioVersion = 16.0.30804.86
MinimumVisualStudioVersion = 10.0.40219.1
Project("{FAE04EC0-301F-11D3-BF4B-00C04F79EFBC}") = "2 ou 1 final", "2 ou 1 final\2 ou 1 final.csproj", "{6B8DC4FA-75B5-47F5-B181-720CEB0F0C06}"
EndProject
Global
	GlobalSection(SolutionConfigurationPlatforms) = preSolution
		Debug|Any CPU = Debug|Any CPU
		Release|Any CPU = Release|Any CPU
	EndGlobalSection
	GlobalSection(ProjectConfigurationPlatforms) = postSolution
		{6B8DC4FA-75B5-47F5-B181-720CEB0F0C06}.Debug|Any CPU.ActiveCfg = Debug|Any CPU
		{6B8DC4FA-75B5-47F5-B181-720CEB0F0C06}.Debug|Any CPU.Build.0 = Debug|Any CPU
		{6B8DC4FA-75B5-47F5-B181-720CEB0F0C06}.Release|Any CPU.ActiveCfg = Release|Any CPU
		{6B8DC4FA-75B5-47F5-B181-720CEB0F0C06}.Release|Any CPU.Build.0 = Release|Any CPU
	EndGlobalSection
	GlobalSection(SolutionProperties) = preSolution
		HideSolutionNode = FALSE
	EndGlobalSection
	GlobalSection(ExtensibilityGlobals) = postSolution
		SolutionGuid = {76DB4343-A728-4A68-BCE1-F76CCF883926}
	EndGlobalSection
EndGlobal
